Microsoft Visual Studio Solution File, Format Version 12.00
# Visual Studio Version 17
VisualStudioVersion = 17.5.2.0
MinimumVisualStudioVersion = 10.0.40219.1
Project("{FAE04EC0-301F-11D3-BF4B-00C04F79EFBC}") = "10-GenericTypesCollections", "10-GenericTypesCollections.csproj", "{CF507EAE-69EB-7275-0E7D-1609A945FBBA}"
EndProject
Global
	GlobalSection(SolutionConfigurationPlatforms) = preSolution
		Debug|Any CPU = Debug|Any CPU
		Release|Any CPU = Release|Any CPU
	EndGlobalSection
	GlobalSection(ProjectConfigurationPlatforms) = postSolution
		{CF507EAE-69EB-7275-0E7D-1609A945FBBA}.Debug|Any CPU.ActiveCfg = Debug|Any CPU
		{CF507EAE-69EB-7275-0E7D-1609A945FBBA}.Debug|Any CPU.Build.0 = Debug|Any CPU
		{CF507EAE-69EB-7275-0E7D-1609A945FBBA}.Release|Any CPU.ActiveCfg = Release|Any CPU
		{CF507EAE-69EB-7275-0E7D-1609A945FBBA}.Release|Any CPU.Build.0 = Release|Any CPU
	EndGlobalSection
	GlobalSection(SolutionProperties) = preSolution
		HideSolutionNode = FALSE
	EndGlobalSection
	GlobalSection(ExtensibilityGlobals) = postSolution
		SolutionGuid = {040D2062-3618-478F-9F81-F2792DA25F65}
	EndGlobalSection
EndGlobal
